
Microsoft Visual Studio Solution File, Format Version 12.00
# Visual Studio Version 16
VisualStudioVersion = 16.0.30503.244
MinimumVisualStudioVersion = 10.0.40219.1
Project("{FAE04EC0-301F-11D3-BF4B-00C04F79EFBC}") = "NodeOrders500-HW", "NodeOrders500-HW\NodeOrders500-HW.csproj", "{64D0BE63-EF48-473A-8EE5-31360F9C15A5}"
EndProject
Global
	GlobalSection(SolutionConfigurationPlatforms) = preSolution
		Debug|Any CPU = Debug|Any CPU
		Release|Any CPU = Release|Any CPU
	EndGlobalSection
	GlobalSection(ProjectConfigurationPlatforms) = postSolution
		{64D0BE63-EF48-473A-8EE5-31360F9C15A5}.Debug|Any CPU.ActiveCfg = Debug|Any CPU
		{64D0BE63-EF48-473A-8EE5-31360F9C15A5}.Debug|Any CPU.Build.0 = Debug|Any CPU
		{64D0BE63-EF48-473A-8EE5-31360F9C15A5}.Release|Any CPU.ActiveCfg = Release|Any CPU
		{64D0BE63-EF48-473A-8EE5-31360F9C15A5}.Release|Any CPU.Build.0 = Release|Any CPU
	EndGlobalSection
	GlobalSection(SolutionProperties) = preSolution
		HideSolutionNode = FALSE
	EndGlobalSection
	GlobalSection(ExtensibilityGlobals) = postSolution
		SolutionGuid = {0B8AEB9E-12F2-4792-BF6F-7310C79384EF}
	EndGlobalSection
EndGlobal
